
Microsoft Visual Studio Solution File, Format Version 12.00
# Visual Studio Version 17
VisualStudioVersion = 17.0.31903.59
MinimumVisualStudioVersion = 10.0.40219.1
Project("{2150E333-8FDC-42A3-9474-1A3956D46DE8}") = "src", "src", "{623F2CD9-45A9-4E3D-936F-D5CB7B65AF9A}"
EndProject
Project("{FAE04EC0-301F-11D3-BF4B-00C04F79EFBC}") = "Domain", "src\Domain\Domain.csproj", "{578B1CC3-87AA-43AB-BD77-C1B2FEFCD2A8}"
EndProject
Project("{FAE04EC0-301F-11D3-BF4B-00C04F79EFBC}") = "Application", "src\Application\Application.csproj", "{BBF69406-7BE6-4C5A-BCDF-60A227DB25EE}"
EndProject
Project("{FAE04EC0-301F-11D3-BF4B-00C04F79EFBC}") = "Infrastructure", "src\Infrastructure\Infrastructure.csproj", "{84F429B3-1F63-43E9-98A6-E98068BAB1F9}"
EndProject
Project("{FAE04EC0-301F-11D3-BF4B-00C04F79EFBC}") = "Web", "apps\api\Api.csproj", "{76F7698C-4A64-467A-94E0-AF646BB10E2A}"
EndProject
Project("{FAE04EC0-301F-11D3-BF4B-00C04F79EFBC}") = "Worker", "apps\worker\Jobs.csproj", "{8DEFAD7F-08A6-4F33-8B16-54E0844D9456}"
EndProject
Project("{2150E333-8FDC-42A3-9474-1A3956D46DE8}") = "tests", "tests", "{3FC8486B-53A0-4AA0-9E4E-392F35FD949B}"
EndProject
Project("{FAE04EC0-301F-11D3-BF4B-00C04F79EFBC}") = "Domain.Tests", "tests\Domain.Tests\Domain.Tests.csproj", "{9C8E3C8D-E3DE-456B-86F2-3AB4462B4093}"
EndProject
Project("{FAE04EC0-301F-11D3-BF4B-00C04F79EFBC}") = "Application.Tests", "tests\Application.Tests\Application.Tests.csproj", "{662E22D6-152C-465E-BE9F-C82681ABD951}"
EndProject
Project("{FAE04EC0-301F-11D3-BF4B-00C04F79EFBC}") = "Integration.Tests", "tests\Integration.Tests\Integration.Tests.csproj", "{79D7AE20-966D-43E0-BBA8-6AE2E571D105}"
EndProject
Project("{FAE04EC0-301F-11D3-BF4B-00C04F79EFBC}") = "Architecture.Tests", "tests\Architecture.Tests\Architecture.Tests.csproj", "{5628947E-8E9E-4099-8E16-99B699B909BD}"
EndProject
Global
	GlobalSection(SolutionConfigurationPlatforms) = preSolution
		Debug|Any CPU = Debug|Any CPU
		Release|Any CPU = Release|Any CPU
	EndGlobalSection
	GlobalSection(SolutionProperties) = preSolution
		HideSolutionNode = FALSE
	EndGlobalSection
	GlobalSection(ProjectConfigurationPlatforms) = postSolution
		{578B1CC3-87AA-43AB-BD77-C1B2FEFCD2A8}.Debug|Any CPU.ActiveCfg = Debug|Any CPU
		{578B1CC3-87AA-43AB-BD77-C1B2FEFCD2A8}.Debug|Any CPU.Build.0 = Debug|Any CPU
		{578B1CC3-87AA-43AB-BD77-C1B2FEFCD2A8}.Release|Any CPU.ActiveCfg = Release|Any CPU
		{578B1CC3-87AA-43AB-BD77-C1B2FEFCD2A8}.Release|Any CPU.Build.0 = Release|Any CPU
		{BBF69406-7BE6-4C5A-BCDF-60A227DB25EE}.Debug|Any CPU.ActiveCfg = Debug|Any CPU
		{BBF69406-7BE6-4C5A-BCDF-60A227DB25EE}.Debug|Any CPU.Build.0 = Debug|Any CPU
		{BBF69406-7BE6-4C5A-BCDF-60A227DB25EE}.Release|Any CPU.ActiveCfg = Release|Any CPU
		{BBF69406-7BE6-4C5A-BCDF-60A227DB25EE}.Release|Any CPU.Build.0 = Release|Any CPU
		{84F429B3-1F63-43E9-98A6-E98068BAB1F9}.Debug|Any CPU.ActiveCfg = Debug|Any CPU
		{84F429B3-1F63-43E9-98A6-E98068BAB1F9}.Debug|Any CPU.Build.0 = Debug|Any CPU
		{84F429B3-1F63-43E9-98A6-E98068BAB1F9}.Release|Any CPU.ActiveCfg = Release|Any CPU
		{84F429B3-1F63-43E9-98A6-E98068BAB1F9}.Release|Any CPU.Build.0 = Release|Any CPU
		{76F7698C-4A64-467A-94E0-AF646BB10E2A}.Debug|Any CPU.ActiveCfg = Debug|Any CPU
		{76F7698C-4A64-467A-94E0-AF646BB10E2A}.Debug|Any CPU.Build.0 = Debug|Any CPU
		{76F7698C-4A64-467A-94E0-AF646BB10E2A}.Release|Any CPU.ActiveCfg = Release|Any CPU
		{76F7698C-4A64-467A-94E0-AF646BB10E2A}.Release|Any CPU.Build.0 = Release|Any CPU
		{9C8E3C8D-E3DE-456B-86F2-3AB4462B4093}.Debug|Any CPU.ActiveCfg = Debug|Any CPU
		{9C8E3C8D-E3DE-456B-86F2-3AB4462B4093}.Debug|Any CPU.Build.0 = Debug|Any CPU
		{9C8E3C8D-E3DE-456B-86F2-3AB4462B4093}.Release|Any CPU.ActiveCfg = Release|Any CPU
		{9C8E3C8D-E3DE-456B-86F2-3AB4462B4093}.Release|Any CPU.Build.0 = Release|Any CPU
		{662E22D6-152C-465E-BE9F-C82681ABD951}.Debug|Any CPU.ActiveCfg = Debug|Any CPU
		{662E22D6-152C-465E-BE9F-C82681ABD951}.Debug|Any CPU.Build.0 = Debug|Any CPU
		{662E22D6-152C-465E-BE9F-C82681ABD951}.Release|Any CPU.ActiveCfg = Release|Any CPU
		{662E22D6-152C-465E-BE9F-C82681ABD951}.Release|Any CPU.Build.0 = Release|Any CPU
		{79D7AE20-966D-43E0-BBA8-6AE2E571D105}.Debug|Any CPU.ActiveCfg = Debug|Any CPU
		{79D7AE20-966D-43E0-BBA8-6AE2E571D105}.Debug|Any CPU.Build.0 = Debug|Any CPU
		{79D7AE20-966D-43E0-BBA8-6AE2E571D105}.Release|Any CPU.ActiveCfg = Release|Any CPU
		{79D7AE20-966D-43E0-BBA8-6AE2E571D105}.Release|Any CPU.Build.0 = Release|Any CPU
		{8DEFAD7F-08A6-4F33-8B16-54E0844D9456}.Debug|Any CPU.ActiveCfg = Debug|Any CPU
		{8DEFAD7F-08A6-4F33-8B16-54E0844D9456}.Debug|Any CPU.Build.0 = Debug|Any CPU
		{8DEFAD7F-08A6-4F33-8B16-54E0844D9456}.Release|Any CPU.ActiveCfg = Release|Any CPU
		{8DEFAD7F-08A6-4F33-8B16-54E0844D9456}.Release|Any CPU.Build.0 = Release|Any CPU
		{5628947E-8E9E-4099-8E16-99B699B909BD}.Debug|Any CPU.ActiveCfg = Debug|Any CPU
		{5628947E-8E9E-4099-8E16-99B699B909BD}.Debug|Any CPU.Build.0 = Debug|Any CPU
		{5628947E-8E9E-4099-8E16-99B699B909BD}.Release|Any CPU.ActiveCfg = Release|Any CPU
		{5628947E-8E9E-4099-8E16-99B699B909BD}.Release|Any CPU.Build.0 = Release|Any CPU
	EndGlobalSection
	GlobalSection(NestedProjects) = preSolution
		{578B1CC3-87AA-43AB-BD77-C1B2FEFCD2A8} = {623F2CD9-45A9-4E3D-936F-D5CB7B65AF9A}
		{BBF69406-7BE6-4C5A-BCDF-60A227DB25EE} = {623F2CD9-45A9-4E3D-936F-D5CB7B65AF9A}
		{84F429B3-1F63-43E9-98A6-E98068BAB1F9} = {623F2CD9-45A9-4E3D-936F-D5CB7B65AF9A}
		{76F7698C-4A64-467A-94E0-AF646BB10E2A} = {623F2CD9-45A9-4E3D-936F-D5CB7B65AF9A}
		{8DEFAD7F-08A6-4F33-8B16-54E0844D9456} = {623F2CD9-45A9-4E3D-936F-D5CB7B65AF9A}
		{9C8E3C8D-E3DE-456B-86F2-3AB4462B4093} = {3FC8486B-53A0-4AA0-9E4E-392F35FD949B}
		{662E22D6-152C-465E-BE9F-C82681ABD951} = {3FC8486B-53A0-4AA0-9E4E-392F35FD949B}
		{79D7AE20-966D-43E0-BBA8-6AE2E571D105} = {3FC8486B-53A0-4AA0-9E4E-392F35FD949B}
		{5628947E-8E9E-4099-8E16-99B699B909BD} = {3FC8486B-53A0-4AA0-9E4E-392F35FD949B}
	EndGlobalSection
EndGlobal
